
Microsoft Visual Studio Solution File, Format Version 12.00
# Visual Studio Version 17
VisualStudioVersion = 17.12.35527.113
MinimumVisualStudioVersion = 10.0.40219.1
Project("{2150E333-8FDC-42A3-9474-1A3956D46DE8}") = "01.Microservices", "01.Microservices", "{2E7E1C03-09AB-4E19-9DD2-A9CC0D5F057A}"
EndProject
Project("{2150E333-8FDC-42A3-9474-1A3956D46DE8}") = "05.CoreBusiness", "05.CoreBusiness", "{67FA59FC-0E52-44B1-A04E-DEFC0DB05F89}"
EndProject
Project("{2150E333-8FDC-42A3-9474-1A3956D46DE8}") = "01.Auth", "01.Auth", "{F7172980-0473-479D-BEC9-598D16B8EB8B}"
EndProject
Project("{2150E333-8FDC-42A3-9474-1A3956D46DE8}") = "02.Notifications", "02.Notifications", "{5C43BD44-EB72-4B39-BD77-DF8F2783D40E}"
EndProject
Project("{2150E333-8FDC-42A3-9474-1A3956D46DE8}") = "03.Queues", "03.Queues", "{25057003-1F0A-4A62-B5AD-5B8D1C7398B4}"
EndProject
Project("{2150E333-8FDC-42A3-9474-1A3956D46DE8}") = "06.LogErrors", "06.LogErrors", "{873790C0-266E-43D5-85B1-D07647499964}"
EndProject
Project("{2150E333-8FDC-42A3-9474-1A3956D46DE8}") = "02.Shared", "02.Shared", "{4E10340A-7724-45F7-899A-A1317B36E70E}"
EndProject
Project("{FAE04EC0-301F-11D3-BF4B-00C04F79EFBC}") = "Web.Core.API", "01.Microservices\05.CoreBusiness\Web.Core.API\Web.Core.API.csproj", "{B7B7886B-22D9-4874-81DD-233E21E97333}"
EndProject
Project("{FAE04EC0-301F-11D3-BF4B-00C04F79EFBC}") = "Application", "01.Microservices\05.CoreBusiness\Application\Application.csproj", "{9C4DA115-03A2-49AC-BC30-080A4F6563A4}"
EndProject
Project("{FAE04EC0-301F-11D3-BF4B-00C04F79EFBC}") = "Infraestructure", "01.Microservices\05.CoreBusiness\Infraestructure\Infraestructure.csproj", "{BD2E3312-16AB-40DF-8A96-48BD1107C55E}"
EndProject
Project("{FAE04EC0-301F-11D3-BF4B-00C04F79EFBC}") = "Domain", "01.Microservices\05.CoreBusiness\Domain\Domain.csproj", "{D11AFE74-79B9-4149-9A3A-72D3AD68E360}"
EndProject
Project("{2150E333-8FDC-42A3-9474-1A3956D46DE8}") = "03.Testing", "03.Testing", "{7B127FAB-65EE-4CD3-829D-0F0024161E4E}"
EndProject
Project("{FAE04EC0-301F-11D3-BF4B-00C04F79EFBC}") = "Shared", "02.Shared\Shared\Shared.csproj", "{BC2F8DE7-1DB9-4E78-9AFB-185890DCABC6}"
EndProject
Project("{FAE04EC0-301F-11D3-BF4B-00C04F79EFBC}") = "Queues.Functions", "01.Microservices\03.Queues\Queues.Functions\Queues.Functions.csproj", "{6A65AF2F-D546-44DA-AFFE-2543A1D22602}"
EndProject
Project("{FAE04EC0-301F-11D3-BF4B-00C04F79EFBC}") = "Notifications", "01.Microservices\02.Notifications\Notifications\Notifications.csproj", "{F9B603AD-EB91-4E5C-96CD-D0BB427E08A5}"
EndProject
Project("{2150E333-8FDC-42A3-9474-1A3956D46DE8}") = "04.StateMachines", "04.StateMachines", "{51923ED9-E797-4DF3-8A59-E6110EA9ECCB}"
EndProject
Project("{FAE04EC0-301F-11D3-BF4B-00C04F79EFBC}") = "StateMachines", "01.Microservices\04.StateMachines\StateMachines\StateMachines.csproj", "{DBBFD632-DA93-423F-BB37-AF1AA637A1ED}"
EndProject
Project("{FAE04EC0-301F-11D3-BF4B-00C04F79EFBC}") = "HttpFunctions", "02.Shared\HttpFunctions\HttpFunctions.csproj", "{E79A5605-F1B6-4228-8CB5-703E1BEFA057}"
EndProject
Project("{FAE04EC0-301F-11D3-BF4B-00C04F79EFBC}") = "Core.Test", "03.Testing\Core.Test\Core.Test.csproj", "{EA4C06B6-4D0A-4497-A110-6E8BAD576C66}"
EndProject
Project("{FAE04EC0-301F-11D3-BF4B-00C04F79EFBC}") = "Auth.VirtualCare.API", "01.Microservices\01.Auth\Auth.VirtualCare.API\Auth.VirtualCare.API.csproj", "{656E24BA-F3B8-45BF-BCD0-0BC750449191}"
EndProject
Project("{FAE04EC0-301F-11D3-BF4B-00C04F79EFBC}") = "Auth.VirtualCare.Domain", "01.Microservices\01.Auth\Auth.VirtualCare.Domain\Auth.VirtualCare.Domain.csproj", "{AF7B2463-095C-4B0D-A311-6D69B08DF93D}"
EndProject
Project("{FAE04EC0-301F-11D3-BF4B-00C04F79EFBC}") = "Auth.VirtualCare.Infraestructure", "01.Microservices\01.Auth\Auth.VirtualCare.Infraestructure\Auth.VirtualCare.Infraestructure.csproj", "{5F9461AC-8B88-4EEF-B5A7-16644D1F2C8B}"
EndProject
Project("{FAE04EC0-301F-11D3-BF4B-00C04F79EFBC}") = "Auth.VirtualCare.Application", "01.Microservices\01.Auth\Auth.VirtualCare.Application\Auth.VirtualCare.Application.csproj", "{2CEFA37E-0F36-481F-A091-9334DC97E876}"
EndProject
Global
	GlobalSection(SolutionConfigurationPlatforms) = preSolution
		Debug|Any CPU = Debug|Any CPU
		Release|Any CPU = Release|Any CPU
	EndGlobalSection
	GlobalSection(ProjectConfigurationPlatforms) = postSolution
		{B7B7886B-22D9-4874-81DD-233E21E97333}.Debug|Any CPU.ActiveCfg = Debug|Any CPU
		{B7B7886B-22D9-4874-81DD-233E21E97333}.Debug|Any CPU.Build.0 = Debug|Any CPU
		{B7B7886B-22D9-4874-81DD-233E21E97333}.Release|Any CPU.ActiveCfg = Release|Any CPU
		{B7B7886B-22D9-4874-81DD-233E21E97333}.Release|Any CPU.Build.0 = Release|Any CPU
		{9C4DA115-03A2-49AC-BC30-080A4F6563A4}.Debug|Any CPU.ActiveCfg = Debug|Any CPU
		{9C4DA115-03A2-49AC-BC30-080A4F6563A4}.Debug|Any CPU.Build.0 = Debug|Any CPU
		{9C4DA115-03A2-49AC-BC30-080A4F6563A4}.Release|Any CPU.ActiveCfg = Release|Any CPU
		{9C4DA115-03A2-49AC-BC30-080A4F6563A4}.Release|Any CPU.Build.0 = Release|Any CPU
		{BD2E3312-16AB-40DF-8A96-48BD1107C55E}.Debug|Any CPU.ActiveCfg = Debug|Any CPU
		{BD2E3312-16AB-40DF-8A96-48BD1107C55E}.Debug|Any CPU.Build.0 = Debug|Any CPU
		{BD2E3312-16AB-40DF-8A96-48BD1107C55E}.Release|Any CPU.ActiveCfg = Release|Any CPU
		{BD2E3312-16AB-40DF-8A96-48BD1107C55E}.Release|Any CPU.Build.0 = Release|Any CPU
		{D11AFE74-79B9-4149-9A3A-72D3AD68E360}.Debug|Any CPU.ActiveCfg = Debug|Any CPU
		{D11AFE74-79B9-4149-9A3A-72D3AD68E360}.Debug|Any CPU.Build.0 = Debug|Any CPU
		{D11AFE74-79B9-4149-9A3A-72D3AD68E360}.Release|Any CPU.ActiveCfg = Release|Any CPU
		{D11AFE74-79B9-4149-9A3A-72D3AD68E360}.Release|Any CPU.Build.0 = Release|Any CPU
		{BC2F8DE7-1DB9-4E78-9AFB-185890DCABC6}.Debug|Any CPU.ActiveCfg = Debug|Any CPU
		{BC2F8DE7-1DB9-4E78-9AFB-185890DCABC6}.Debug|Any CPU.Build.0 = Debug|Any CPU
		{BC2F8DE7-1DB9-4E78-9AFB-185890DCABC6}.Release|Any CPU.ActiveCfg = Release|Any CPU
		{BC2F8DE7-1DB9-4E78-9AFB-185890DCABC6}.Release|Any CPU.Build.0 = Release|Any CPU
		{6A65AF2F-D546-44DA-AFFE-2543A1D22602}.Debug|Any CPU.ActiveCfg = Debug|Any CPU
		{6A65AF2F-D546-44DA-AFFE-2543A1D22602}.Debug|Any CPU.Build.0 = Debug|Any CPU
		{6A65AF2F-D546-44DA-AFFE-2543A1D22602}.Release|Any CPU.ActiveCfg = Release|Any CPU
		{6A65AF2F-D546-44DA-AFFE-2543A1D22602}.Release|Any CPU.Build.0 = Release|Any CPU
		{F9B603AD-EB91-4E5C-96CD-D0BB427E08A5}.Debug|Any CPU.ActiveCfg = Debug|Any CPU
		{F9B603AD-EB91-4E5C-96CD-D0BB427E08A5}.Debug|Any CPU.Build.0 = Debug|Any CPU
		{F9B603AD-EB91-4E5C-96CD-D0BB427E08A5}.Release|Any CPU.ActiveCfg = Release|Any CPU
		{F9B603AD-EB91-4E5C-96CD-D0BB427E08A5}.Release|Any CPU.Build.0 = Release|Any CPU
		{DBBFD632-DA93-423F-BB37-AF1AA637A1ED}.Debug|Any CPU.ActiveCfg = Debug|Any CPU
		{DBBFD632-DA93-423F-BB37-AF1AA637A1ED}.Debug|Any CPU.Build.0 = Debug|Any CPU
		{DBBFD632-DA93-423F-BB37-AF1AA637A1ED}.Release|Any CPU.ActiveCfg = Release|Any CPU
		{DBBFD632-DA93-423F-BB37-AF1AA637A1ED}.Release|Any CPU.Build.0 = Release|Any CPU
		{E79A5605-F1B6-4228-8CB5-703E1BEFA057}.Debug|Any CPU.ActiveCfg = Debug|Any CPU
		{E79A5605-F1B6-4228-8CB5-703E1BEFA057}.Debug|Any CPU.Build.0 = Debug|Any CPU
		{E79A5605-F1B6-4228-8CB5-703E1BEFA057}.Release|Any CPU.ActiveCfg = Release|Any CPU
		{E79A5605-F1B6-4228-8CB5-703E1BEFA057}.Release|Any CPU.Build.0 = Release|Any CPU
		{EA4C06B6-4D0A-4497-A110-6E8BAD576C66}.Debug|Any CPU.ActiveCfg = Debug|Any CPU
		{EA4C06B6-4D0A-4497-A110-6E8BAD576C66}.Debug|Any CPU.Build.0 = Debug|Any CPU
		{EA4C06B6-4D0A-4497-A110-6E8BAD576C66}.Release|Any CPU.ActiveCfg = Release|Any CPU
		{EA4C06B6-4D0A-4497-A110-6E8BAD576C66}.Release|Any CPU.Build.0 = Release|Any CPU
		{656E24BA-F3B8-45BF-BCD0-0BC750449191}.Debug|Any CPU.ActiveCfg = Debug|Any CPU
		{656E24BA-F3B8-45BF-BCD0-0BC750449191}.Debug|Any CPU.Build.0 = Debug|Any CPU
		{656E24BA-F3B8-45BF-BCD0-0BC750449191}.Release|Any CPU.ActiveCfg = Release|Any CPU
		{656E24BA-F3B8-45BF-BCD0-0BC750449191}.Release|Any CPU.Build.0 = Release|Any CPU
		{AF7B2463-095C-4B0D-A311-6D69B08DF93D}.Debug|Any CPU.ActiveCfg = Debug|Any CPU
		{AF7B2463-095C-4B0D-A311-6D69B08DF93D}.Debug|Any CPU.Build.0 = Debug|Any CPU
		{AF7B2463-095C-4B0D-A311-6D69B08DF93D}.Release|Any CPU.ActiveCfg = Release|Any CPU
		{AF7B2463-095C-4B0D-A311-6D69B08DF93D}.Release|Any CPU.Build.0 = Release|Any CPU
		{5F9461AC-8B88-4EEF-B5A7-16644D1F2C8B}.Debug|Any CPU.ActiveCfg = Debug|Any CPU
		{5F9461AC-8B88-4EEF-B5A7-16644D1F2C8B}.Debug|Any CPU.Build.0 = Debug|Any CPU
		{5F9461AC-8B88-4EEF-B5A7-16644D1F2C8B}.Release|Any CPU.ActiveCfg = Release|Any CPU
		{5F9461AC-8B88-4EEF-B5A7-16644D1F2C8B}.Release|Any CPU.Build.0 = Release|Any CPU
		{2CEFA37E-0F36-481F-A091-9334DC97E876}.Debug|Any CPU.ActiveCfg = Debug|Any CPU
		{2CEFA37E-0F36-481F-A091-9334DC97E876}.Debug|Any CPU.Build.0 = Debug|Any CPU
		{2CEFA37E-0F36-481F-A091-9334DC97E876}.Release|Any CPU.ActiveCfg = Release|Any CPU
		{2CEFA37E-0F36-481F-A091-9334DC97E876}.Release|Any CPU.Build.0 = Release|Any CPU
	EndGlobalSection
	GlobalSection(SolutionProperties) = preSolution
		HideSolutionNode = FALSE
	EndGlobalSection
	GlobalSection(NestedProjects) = preSolution
		{67FA59FC-0E52-44B1-A04E-DEFC0DB05F89} = {2E7E1C03-09AB-4E19-9DD2-A9CC0D5F057A}
		{F7172980-0473-479D-BEC9-598D16B8EB8B} = {2E7E1C03-09AB-4E19-9DD2-A9CC0D5F057A}
		{5C43BD44-EB72-4B39-BD77-DF8F2783D40E} = {2E7E1C03-09AB-4E19-9DD2-A9CC0D5F057A}
		{25057003-1F0A-4A62-B5AD-5B8D1C7398B4} = {2E7E1C03-09AB-4E19-9DD2-A9CC0D5F057A}
		{873790C0-266E-43D5-85B1-D07647499964} = {2E7E1C03-09AB-4E19-9DD2-A9CC0D5F057A}
		{B7B7886B-22D9-4874-81DD-233E21E97333} = {67FA59FC-0E52-44B1-A04E-DEFC0DB05F89}
		{9C4DA115-03A2-49AC-BC30-080A4F6563A4} = {67FA59FC-0E52-44B1-A04E-DEFC0DB05F89}
		{BD2E3312-16AB-40DF-8A96-48BD1107C55E} = {67FA59FC-0E52-44B1-A04E-DEFC0DB05F89}
		{D11AFE74-79B9-4149-9A3A-72D3AD68E360} = {67FA59FC-0E52-44B1-A04E-DEFC0DB05F89}
		{BC2F8DE7-1DB9-4E78-9AFB-185890DCABC6} = {4E10340A-7724-45F7-899A-A1317B36E70E}
		{6A65AF2F-D546-44DA-AFFE-2543A1D22602} = {25057003-1F0A-4A62-B5AD-5B8D1C7398B4}
		{F9B603AD-EB91-4E5C-96CD-D0BB427E08A5} = {5C43BD44-EB72-4B39-BD77-DF8F2783D40E}
		{51923ED9-E797-4DF3-8A59-E6110EA9ECCB} = {2E7E1C03-09AB-4E19-9DD2-A9CC0D5F057A}
		{DBBFD632-DA93-423F-BB37-AF1AA637A1ED} = {51923ED9-E797-4DF3-8A59-E6110EA9ECCB}
		{E79A5605-F1B6-4228-8CB5-703E1BEFA057} = {4E10340A-7724-45F7-899A-A1317B36E70E}
		{EA4C06B6-4D0A-4497-A110-6E8BAD576C66} = {7B127FAB-65EE-4CD3-829D-0F0024161E4E}
		{656E24BA-F3B8-45BF-BCD0-0BC750449191} = {F7172980-0473-479D-BEC9-598D16B8EB8B}
		{AF7B2463-095C-4B0D-A311-6D69B08DF93D} = {F7172980-0473-479D-BEC9-598D16B8EB8B}
		{5F9461AC-8B88-4EEF-B5A7-16644D1F2C8B} = {F7172980-0473-479D-BEC9-598D16B8EB8B}
		{2CEFA37E-0F36-481F-A091-9334DC97E876} = {F7172980-0473-479D-BEC9-598D16B8EB8B}
	EndGlobalSection
EndGlobal
